github.com/hsfzxjy/mamo v0.1.1 h1:x4Q2yuAbpJMNW6vlt4EaFn7Zt5Wcb9fd537FMM0qLqE=
github.com/hsfzxjy/mamo v0.1.1/go.mod h1:vb7t86IjTkk91BAxJKpYH1knEUW88wtN1jvrTHTgD60=
github.com/hsfzxjy/mamo v0.1.2 h1:8cdDnN7m4/WVnJiJk3U2mOLMjCUyZFdxg59b/lcGzq0=
github.com/hsfzxjy/mamo v0.1.2/go.mod h1:vb7t86IjTkk91BAxJKpYH1knEUW88wtN1jvrTHTgD60=
github.com/hsfzxjy/mamo v0.1.4 h1:NoP1XTILXCfkKdV4Ha9/0mouaMpzrDnqDQb6b84HTSE=
github.com/hsfzxjy/mamo v0.1.4/go.mod h1:vb7t86IjTkk91BAxJKpYH1knEUW88wtN1jvrTHTgD60=
